
Microsoft Visual Studio Solution File, Format Version 12.00
# Visual Studio Version 17
VisualStudioVersion = 17.11.35327.3
MinimumVisualStudioVersion = 10.0.40219.1
Project("{FAE04EC0-301F-11D3-BF4B-00C04F79EFBC}") = "Control_Gestion_V3", "Control_Gestion_V3.csproj", "{2BB12F95-BD43-46A6-9EA1-5DAB0FBA14C8}"
EndProject
Project("{FAE04EC0-301F-11D3-BF4B-00C04F79EFBC}") = "CapaDatos", "..\CapaDatos\CapaDatos.csproj", "{775DD39F-5686-4C30-8905-DA46126681BC}"
EndProject
Project("{FAE04EC0-301F-11D3-BF4B-00C04F79EFBC}") = "CapaModelo", "..\CapaModelo\CapaModelo.csproj", "{ECA946C9-1E5B-4929-9477-A97299BA95B5}"
EndProject
Global
	GlobalSection(SolutionConfigurationPlatforms) = preSolution
		Debug|Any CPU = Debug|Any CPU
		Release|Any CPU = Release|Any CPU
	EndGlobalSection
	GlobalSection(ProjectConfigurationPlatforms) = postSolution
		{2BB12F95-BD43-46A6-9EA1-5DAB0FBA14C8}.Debug|Any CPU.ActiveCfg = Debug|Any CPU
		{2BB12F95-BD43-46A6-9EA1-5DAB0FBA14C8}.Debug|Any CPU.Build.0 = Debug|Any CPU
		{2BB12F95-BD43-46A6-9EA1-5DAB0FBA14C8}.Release|Any CPU.ActiveCfg = Release|Any CPU
		{2BB12F95-BD43-46A6-9EA1-5DAB0FBA14C8}.Release|Any CPU.Build.0 = Release|Any CPU
		{775DD39F-5686-4C30-8905-DA46126681BC}.Debug|Any CPU.ActiveCfg = Debug|Any CPU
		{775DD39F-5686-4C30-8905-DA46126681BC}.Debug|Any CPU.Build.0 = Debug|Any CPU
		{775DD39F-5686-4C30-8905-DA46126681BC}.Release|Any CPU.ActiveCfg = Release|Any CPU
		{775DD39F-5686-4C30-8905-DA46126681BC}.Release|Any CPU.Build.0 = Release|Any CPU
		{ECA946C9-1E5B-4929-9477-A97299BA95B5}.Debug|Any CPU.ActiveCfg = Debug|Any CPU
		{ECA946C9-1E5B-4929-9477-A97299BA95B5}.Debug|Any CPU.Build.0 = Debug|Any CPU
		{ECA946C9-1E5B-4929-9477-A97299BA95B5}.Release|Any CPU.ActiveCfg = Release|Any CPU
		{ECA946C9-1E5B-4929-9477-A97299BA95B5}.Release|Any CPU.Build.0 = Release|Any CPU
	EndGlobalSection
	GlobalSection(SolutionProperties) = preSolution
		HideSolutionNode = FALSE
	EndGlobalSection
	GlobalSection(ExtensibilityGlobals) = postSolution
		SolutionGuid = {E2C1C2A6-DA43-4FC5-B1AA-A6C478C726DF}
	EndGlobalSection
EndGlobal
